
Microsoft Visual Studio Solution File, Format Version 12.00
# Visual Studio Version 16
VisualStudioVersion = 16.0.32106.194
MinimumVisualStudioVersion = 10.0.40219.1
Project("{FAE04EC0-301F-11D3-BF4B-00C04F79EFBC}") = "AndFir.UWP", "AndFir\AndFir.UWP\AndFir.UWP.csproj", "{A3C0341B-1123-4085-A0F7-D1D46691048D}"
EndProject
Project("{FAE04EC0-301F-11D3-BF4B-00C04F79EFBC}") = "AndFir.Android", "AndFir\AndFir.Android\AndFir.Android.csproj", "{47E1C552-7A88-4EF5-8AFA-A1A8B347E4BF}"
EndProject
Project("{FAE04EC0-301F-11D3-BF4B-00C04F79EFBC}") = "AndFir.iOS", "AndFir\AndFir.iOS\AndFir.iOS.csproj", "{3AE08BAA-F9D8-44E7-BD2A-1E4B1A2BBE9B}"
EndProject
Project("{FAE04EC0-301F-11D3-BF4B-00C04F79EFBC}") = "AndFir", "AndFir\AndFir\AndFir.csproj", "{38941AB8-9C96-40A7-8A6E-5AB35E4728CE}"
EndProject
Global
	GlobalSection(SolutionConfigurationPlatforms) = preSolution
		Debug|Any CPU = Debug|Any CPU
		Debug|ARM = Debug|ARM
		Debug|iPhone = Debug|iPhone
		Debug|iPhoneSimulator = Debug|iPhoneSimulator
		Debug|x64 = Debug|x64
		Debug|x86 = Debug|x86
		Release|Any CPU = Release|Any CPU
		Release|ARM = Release|ARM
		Release|iPhone = Release|iPhone
		Release|iPhoneSimulator = Release|iPhoneSimulator
		Release|x64 = Release|x64
		Release|x86 = Release|x86
	EndGlobalSection
	GlobalSection(ProjectConfigurationPlatforms) = postSolution
		{A3C0341B-1123-4085-A0F7-D1D46691048D}.Debug|Any CPU.ActiveCfg = Debug|x86
		{A3C0341B-1123-4085-A0F7-D1D46691048D}.Debug|Any CPU.Build.0 = Debug|x86
		{A3C0341B-1123-4085-A0F7-D1D46691048D}.Debug|Any CPU.Deploy.0 = Debug|x86
		{A3C0341B-1123-4085-A0F7-D1D46691048D}.Debug|ARM.ActiveCfg = Debug|ARM
		{A3C0341B-1123-4085-A0F7-D1D46691048D}.Debug|ARM.Build.0 = Debug|ARM
		{A3C0341B-1123-4085-A0F7-D1D46691048D}.Debug|ARM.Deploy.0 = Debug|ARM
		{A3C0341B-1123-4085-A0F7-D1D46691048D}.Debug|iPhone.ActiveCfg = Debug|x86
		{A3C0341B-1123-4085-A0F7-D1D46691048D}.Debug|iPhone.Build.0 = Debug|x86
		{A3C0341B-1123-4085-A0F7-D1D46691048D}.Debug|iPhone.Deploy.0 = Debug|x86
		{A3C0341B-1123-4085-A0F7-D1D46691048D}.Debug|iPhoneSimulator.ActiveCfg = Debug|x86
		{A3C0341B-1123-4085-A0F7-D1D46691048D}.Debug|iPhoneSimulator.Build.0 = Debug|x86
		{A3C0341B-1123-4085-A0F7-D1D46691048D}.Debug|iPhoneSimulator.Deploy.0 = Debug|x86
		{A3C0341B-1123-4085-A0F7-D1D46691048D}.Debug|x64.ActiveCfg = Debug|x64
		{A3C0341B-1123-4085-A0F7-D1D46691048D}.Debug|x64.Build.0 = Debug|x64
		{A3C0341B-1123-4085-A0F7-D1D46691048D}.Debug|x64.Deploy.0 = Debug|x64
		{A3C0341B-1123-4085-A0F7-D1D46691048D}.Debug|x86.ActiveCfg = Debug|x86
		{A3C0341B-1123-4085-A0F7-D1D46691048D}.Debug|x86.Build.0 = Debug|x86
		{A3C0341B-1123-4085-A0F7-D1D46691048D}.Debug|x86.Deploy.0 = Debug|x86
		{A3C0341B-1123-4085-A0F7-D1D46691048D}.Release|Any CPU.ActiveCfg = Release|x86
		{A3C0341B-1123-4085-A0F7-D1D46691048D}.Release|Any CPU.Build.0 = Release|x86
		{A3C0341B-1123-4085-A0F7-D1D46691048D}.Release|Any CPU.Deploy.0 = Release|x86
		{A3C0341B-1123-4085-A0F7-D1D46691048D}.Release|ARM.ActiveCfg = Release|ARM
		{A3C0341B-1123-4085-A0F7-D1D46691048D}.Release|ARM.Build.0 = Release|ARM
		{A3C0341B-1123-4085-A0F7-D1D46691048D}.Release|ARM.Deploy.0 = Release|ARM
		{A3C0341B-1123-4085-A0F7-D1D46691048D}.Release|iPhone.ActiveCfg = Release|x86
		{A3C0341B-1123-4085-A0F7-D1D46691048D}.Release|iPhone.Build.0 = Release|x86
		{A3C0341B-1123-4085-A0F7-D1D46691048D}.Release|iPhone.Deploy.0 = Release|x86
		{A3C0341B-1123-4085-A0F7-D1D46691048D}.Release|iPhoneSimulator.ActiveCfg = Release|x86
		{A3C0341B-1123-4085-A0F7-D1D46691048D}.Release|iPhoneSimulator.Build.0 = Release|x86
		{A3C0341B-1123-4085-A0F7-D1D46691048D}.Release|iPhoneSimulator.Deploy.0 = Release|x86
		{A3C0341B-1123-4085-A0F7-D1D46691048D}.Release|x64.ActiveCfg = Release|x64
		{A3C0341B-1123-4085-A0F7-D1D46691048D}.Release|x64.Build.0 = Release|x64
		{A3C0341B-1123-4085-A0F7-D1D46691048D}.Release|x64.Deploy.0 = Release|x64
		{A3C0341B-1123-4085-A0F7-D1D46691048D}.Release|x86.ActiveCfg = Release|x86
		{A3C0341B-1123-4085-A0F7-D1D46691048D}.Release|x86.Build.0 = Release|x86
		{A3C0341B-1123-4085-A0F7-D1D46691048D}.Release|x86.Deploy.0 = Release|x86
		{47E1C552-7A88-4EF5-8AFA-A1A8B347E4BF}.Debug|Any CPU.ActiveCfg = Debug|Any CPU
		{47E1C552-7A88-4EF5-8AFA-A1A8B347E4BF}.Debug|Any CPU.Build.0 = Debug|Any CPU
		{47E1C552-7A88-4EF5-8AFA-A1A8B347E4BF}.Debug|Any CPU.Deploy.0 = Debug|Any CPU
		{47E1C552-7A88-4EF5-8AFA-A1A8B347E4BF}.Debug|ARM.ActiveCfg = Debug|Any CPU
		{47E1C552-7A88-4EF5-8AFA-A1A8B347E4BF}.Debug|ARM.Build.0 = Debug|Any CPU
		{47E1C552-7A88-4EF5-8AFA-A1A8B347E4BF}.Debug|ARM.Deploy.0 = Debug|Any CPU
		{47E1C552-7A88-4EF5-8AFA-A1A8B347E4BF}.Debug|iPhone.ActiveCfg = Debug|Any CPU
		{47E1C552-7A88-4EF5-8AFA-A1A8B347E4BF}.Debug|iPhone.Build.0 = Debug|Any CPU
		{47E1C552-7A88-4EF5-8AFA-A1A8B347E4BF}.Debug|iPhone.Deploy.0 = Debug|Any CPU
		{47E1C552-7A88-4EF5-8AFA-A1A8B347E4BF}.Debug|iPhoneSimulator.ActiveCfg = Debug|Any CPU
		{47E1C552-7A88-4EF5-8AFA-A1A8B347E4BF}.Debug|iPhoneSimulator.Build.0 = Debug|Any CPU
		{47E1C552-7A88-4EF5-8AFA-A1A8B347E4BF}.Debug|iPhoneSimulator.Deploy.0 = Debug|Any CPU
		{47E1C552-7A88-4EF5-8AFA-A1A8B347E4BF}.Debug|x64.ActiveCfg = Debug|Any CPU
		{47E1C552-7A88-4EF5-8AFA-A1A8B347E4BF}.Debug|x64.Build.0 = Debug|Any CPU
		{47E1C552-7A88-4EF5-8AFA-A1A8B347E4BF}.Debug|x64.Deploy.0 = Debug|Any CPU
		{47E1C552-7A88-4EF5-8AFA-A1A8B347E4BF}.Debug|x86.ActiveCfg = Debug|Any CPU
		{47E1C552-7A88-4EF5-8AFA-A1A8B347E4BF}.Debug|x86.Build.0 = Debug|Any CPU
		{47E1C552-7A88-4EF5-8AFA-A1A8B347E4BF}.Debug|x86.Deploy.0 = Debug|Any CPU
		{47E1C552-7A88-4EF5-8AFA-A1A8B347E4BF}.Release|Any CPU.ActiveCfg = Release|Any CPU
		{47E1C552-7A88-4EF5-8AFA-A1A8B347E4BF}.Release|Any CPU.Build.0 = Release|Any CPU
		{47E1C552-7A88-4EF5-8AFA-A1A8B347E4BF}.Release|Any CPU.Deploy.0 = Release|Any CPU
		{47E1C552-7A88-4EF5-8AFA-A1A8B347E4BF}.Release|ARM.ActiveCfg = Release|Any CPU
		{47E1C552-7A88-4EF5-8AFA-A1A8B347E4BF}.Release|ARM.Build.0 = Release|Any CPU
		{47E1C552-7A88-4EF5-8AFA-A1A8B347E4BF}.Release|ARM.Deploy.0 = Release|Any CPU
		{47E1C552-7A88-4EF5-8AFA-A1A8B347E4BF}.Release|iPhone.ActiveCfg = Release|Any CPU
		{47E1C552-7A88-4EF5-8AFA-A1A8B347E4BF}.Release|iPhone.Build.0 = Release|Any CPU
		{47E1C552-7A88-4EF5-8AFA-A1A8B347E4BF}.Release|iPhone.Deploy.0 = Release|Any CPU
		{47E1C552-7A88-4EF5-8AFA-A1A8B347E4BF}.Release|iPhoneSimulator.ActiveCfg = Release|Any CPU
		{47E1C552-7A88-4EF5-8AFA-A1A8B347E4BF}.Release|iPhoneSimulator.Build.0 = Release|Any CPU
		{47E1C552-7A88-4EF5-8AFA-A1A8B347E4BF}.Release|iPhoneSimulator.Deploy.0 = Release|Any CPU
		{47E1C552-7A88-4EF5-8AFA-A1A8B347E4BF}.Release|x64.ActiveCfg = Release|Any CPU
		{47E1C552-7A88-4EF5-8AFA-A1A8B347E4BF}.Release|x64.Build.0 = Release|Any CPU
		{47E1C552-7A88-4EF5-8AFA-A1A8B347E4BF}.Release|x64.Deploy.0 = Release|Any CPU
		{47E1C552-7A88-4EF5-8AFA-A1A8B347E4BF}.Release|x86.ActiveCfg = Release|Any CPU
		{47E1C552-7A88-4EF5-8AFA-A1A8B347E4BF}.Release|x86.Build.0 = Release|Any CPU
		{47E1C552-7A88-4EF5-8AFA-A1A8B347E4BF}.Release|x86.Deploy.0 = Release|Any CPU
		{3AE08BAA-F9D8-44E7-BD2A-1E4B1A2BBE9B}.Debug|Any CPU.ActiveCfg = Debug|iPhoneSimulator
		{3AE08BAA-F9D8-44E7-BD2A-1E4B1A2BBE9B}.Debug|Any CPU.Build.0 = Debug|iPhoneSimulator
		{3AE08BAA-F9D8-44E7-BD2A-1E4B1A2BBE9B}.Debug|Any CPU.Deploy.0 = Debug|iPhoneSimulator
		{3AE08BAA-F9D8-44E7-BD2A-1E4B1A2BBE9B}.Debug|ARM.ActiveCfg = Debug|iPhone
		{3AE08BAA-F9D8-44E7-BD2A-1E4B1A2BBE9B}.Debug|ARM.Build.0 = Debug|iPhone
		{3AE08BAA-F9D8-44E7-BD2A-1E4B1A2BBE9B}.Debug|ARM.Deploy.0 = Debug|iPhone
		{3AE08BAA-F9D8-44E7-BD2A-1E4B1A2BBE9B}.Debug|iPhone.ActiveCfg = Debug|iPhone
		{3AE08BAA-F9D8-44E7-BD2A-1E4B1A2BBE9B}.Debug|iPhone.Build.0 = Debug|iPhone
		{3AE08BAA-F9D8-44E7-BD2A-1E4B1A2BBE9B}.Debug|iPhone.Deploy.0 = Debug|iPhone
		{3AE08BAA-F9D8-44E7-BD2A-1E4B1A2BBE9B}.Debug|iPhoneSimulator.ActiveCfg = Debug|iPhoneSimulator
		{3AE08BAA-F9D8-44E7-BD2A-1E4B1A2BBE9B}.Debug|iPhoneSimulator.Build.0 = Debug|iPhoneSimulator
		{3AE08BAA-F9D8-44E7-BD2A-1E4B1A2BBE9B}.Debug|iPhoneSimulator.Deploy.0 = Debug|iPhoneSimulator
		{3AE08BAA-F9D8-44E7-BD2A-1E4B1A2BBE9B}.Debug|x64.ActiveCfg = Debug|iPhoneSimulator
		{3AE08BAA-F9D8-44E7-BD2A-1E4B1A2BBE9B}.Debug|x64.Build.0 = Debug|iPhoneSimulator
		{3AE08BAA-F9D8-44E7-BD2A-1E4B1A2BBE9B}.Debug|x64.Deploy.0 = Debug|iPhoneSimulator
		{3AE08BAA-F9D8-44E7-BD2A-1E4B1A2BBE9B}.Debug|x86.ActiveCfg = Debug|iPhoneSimulator
		{3AE08BAA-F9D8-44E7-BD2A-1E4B1A2BBE9B}.Debug|x86.Build.0 = Debug|iPhoneSimulator
		{3AE08BAA-F9D8-44E7-BD2A-1E4B1A2BBE9B}.Debug|x86.Deploy.0 = Debug|iPhoneSimulator
		{3AE08BAA-F9D8-44E7-BD2A-1E4B1A2BBE9B}.Release|Any CPU.ActiveCfg = Release|iPhoneSimulator
		{3AE08BAA-F9D8-44E7-BD2A-1E4B1A2BBE9B}.Release|Any CPU.Build.0 = Release|iPhoneSimulator
		{3AE08BAA-F9D8-44E7-BD2A-1E4B1A2BBE9B}.Release|Any CPU.Deploy.0 = Release|iPhoneSimulator
		{3AE08BAA-F9D8-44E7-BD2A-1E4B1A2BBE9B}.Release|ARM.ActiveCfg = Release|iPhoneSimulator
		{3AE08BAA-F9D8-44E7-BD2A-1E4B1A2BBE9B}.Release|ARM.Build.0 = Release|iPhoneSimulator
		{3AE08BAA-F9D8-44E7-BD2A-1E4B1A2BBE9B}.Release|ARM.Deploy.0 = Release|iPhoneSimulator
		{3AE08BAA-F9D8-44E7-BD2A-1E4B1A2BBE9B}.Release|iPhone.ActiveCfg = Release|iPhone
		{3AE08BAA-F9D8-44E7-BD2A-1E4B1A2BBE9B}.Release|iPhone.Build.0 = Release|iPhone
		{3AE08BAA-F9D8-44E7-BD2A-1E4B1A2BBE9B}.Release|iPhone.Deploy.0 = Release|iPhone
		{3AE08BAA-F9D8-44E7-BD2A-1E4B1A2BBE9B}.Release|iPhoneSimulator.ActiveCfg = Release|iPhoneSimulator
		{3AE08BAA-F9D8-44E7-BD2A-1E4B1A2BBE9B}.Release|iPhoneSimulator.Build.0 = Release|iPhoneSimulator
		{3AE08BAA-F9D8-44E7-BD2A-1E4B1A2BBE9B}.Release|iPhoneSimulator.Deploy.0 = Release|iPhoneSimulator
		{3AE08BAA-F9D8-44E7-BD2A-1E4B1A2BBE9B}.Release|x64.ActiveCfg = Release|iPhoneSimulator
		{3AE08BAA-F9D8-44E7-BD2A-1E4B1A2BBE9B}.Release|x64.Build.0 = Release|iPhoneSimulator
		{3AE08BAA-F9D8-44E7-BD2A-1E4B1A2BBE9B}.Release|x64.Deploy.0 = Release|iPhoneSimulator
		{3AE08BAA-F9D8-44E7-BD2A-1E4B1A2BBE9B}.Release|x86.ActiveCfg = Release|iPhoneSimulator
		{3AE08BAA-F9D8-44E7-BD2A-1E4B1A2BBE9B}.Release|x86.Build.0 = Release|iPhoneSimulator
		{3AE08BAA-F9D8-44E7-BD2A-1E4B1A2BBE9B}.Release|x86.Deploy.0 = Release|iPhoneSimulator
		{38941AB8-9C96-40A7-8A6E-5AB35E4728CE}.Debug|Any CPU.ActiveCfg = Debug|Any CPU
		{38941AB8-9C96-40A7-8A6E-5AB35E4728CE}.Debug|Any CPU.Build.0 = Debug|Any CPU
		{38941AB8-9C96-40A7-8A6E-5AB35E4728CE}.Debug|Any CPU.Deploy.0 = Debug|Any CPU
		{38941AB8-9C96-40A7-8A6E-5AB35E4728CE}.Debug|ARM.ActiveCfg = Debug|Any CPU
		{38941AB8-9C96-40A7-8A6E-5AB35E4728CE}.Debug|ARM.Build.0 = Debug|Any CPU
		{38941AB8-9C96-40A7-8A6E-5AB35E4728CE}.Debug|ARM.Deploy.0 = Debug|Any CPU
		{38941AB8-9C96-40A7-8A6E-5AB35E4728CE}.Debug|iPhone.ActiveCfg = Debug|Any CPU
		{38941AB8-9C96-40A7-8A6E-5AB35E4728CE}.Debug|iPhone.Build.0 = Debug|Any CPU
		{38941AB8-9C96-40A7-8A6E-5AB35E4728CE}.Debug|iPhone.Deploy.0 = Debug|Any CPU
		{38941AB8-9C96-40A7-8A6E-5AB35E4728CE}.Debug|iPhoneSimulator.ActiveCfg = Debug|Any CPU
		{38941AB8-9C96-40A7-8A6E-5AB35E4728CE}.Debug|iPhoneSimulator.Build.0 = Debug|Any CPU
		{38941AB8-9C96-40A7-8A6E-5AB35E4728CE}.Debug|iPhoneSimulator.Deploy.0 = Debug|Any CPU
		{38941AB8-9C96-40A7-8A6E-5AB35E4728CE}.Debug|x64.ActiveCfg = Debug|Any CPU
		{38941AB8-9C96-40A7-8A6E-5AB35E4728CE}.Debug|x64.Build.0 = Debug|Any CPU
		{38941AB8-9C96-40A7-8A6E-5AB35E4728CE}.Debug|x64.Deploy.0 = Debug|Any CPU
		{38941AB8-9C96-40A7-8A6E-5AB35E4728CE}.Debug|x86.ActiveCfg = Debug|Any CPU
		{38941AB8-9C96-40A7-8A6E-5AB35E4728CE}.Debug|x86.Build.0 = Debug|Any CPU
		{38941AB8-9C96-40A7-8A6E-5AB35E4728CE}.Debug|x86.Deploy.0 = Debug|Any CPU
		{38941AB8-9C96-40A7-8A6E-5AB35E4728CE}.Release|Any CPU.ActiveCfg = Release|Any CPU
		{38941AB8-9C96-40A7-8A6E-5AB35E4728CE}.Release|Any CPU.Build.0 = Release|Any CPU
		{38941AB8-9C96-40A7-8A6E-5AB35E4728CE}.Release|Any CPU.Deploy.0 = Release|Any CPU
		{38941AB8-9C96-40A7-8A6E-5AB35E4728CE}.Release|ARM.ActiveCfg = Release|Any CPU
		{38941AB8-9C96-40A7-8A6E-5AB35E4728CE}.Release|ARM.Build.0 = Release|Any CPU
		{38941AB8-9C96-40A7-8A6E-5AB35E4728CE}.Release|ARM.Deploy.0 = Release|Any CPU
		{38941AB8-9C96-40A7-8A6E-5AB35E4728CE}.Release|iPhone.ActiveCfg = Release|Any CPU
		{38941AB8-9C96-40A7-8A6E-5AB35E4728CE}.Release|iPhone.Build.0 = Release|Any CPU
		{38941AB8-9C96-40A7-8A6E-5AB35E4728CE}.Release|iPhone.Deploy.0 = Release|Any CPU
		{38941AB8-9C96-40A7-8A6E-5AB35E4728CE}.Release|iPhoneSimulator.ActiveCfg = Release|Any CPU
		{38941AB8-9C96-40A7-8A6E-5AB35E4728CE}.Release|iPhoneSimulator.Build.0 = Release|Any CPU
		{38941AB8-9C96-40A7-8A6E-5AB35E4728CE}.Release|iPhoneSimulator.Deploy.0 = Release|Any CPU
		{38941AB8-9C96-40A7-8A6E-5AB35E4728CE}.Release|x64.ActiveCfg = Release|Any CPU
		{38941AB8-9C96-40A7-8A6E-5AB35E4728CE}.Release|x64.Build.0 = Release|Any CPU
		{38941AB8-9C96-40A7-8A6E-5AB35E4728CE}.Release|x64.Deploy.0 = Release|Any CPU
		{38941AB8-9C96-40A7-8A6E-5AB35E4728CE}.Release|x86.ActiveCfg = Release|Any CPU
		{38941AB8-9C96-40A7-8A6E-5AB35E4728CE}.Release|x86.Build.0 = Release|Any CPU
		{38941AB8-9C96-40A7-8A6E-5AB35E4728CE}.Release|x86.Deploy.0 = Release|Any CPU
	EndGlobalSection
	GlobalSection(SolutionProperties) = preSolution
		HideSolutionNode = FALSE
	EndGlobalSection
	GlobalSection(ExtensibilityGlobals) = postSolution
		SolutionGuid = {0C7D45E5-74D9-4CD8-8773-CBCE3070E517}
	EndGlobalSection
EndGlobal
